
Microsoft Visual Studio Solution File, Format Version 12.00
# Visual Studio Version 17
VisualStudioVersion = 17.13.35806.99 d17.13
MinimumVisualStudioVersion = 10.0.40219.1
Project("{FAE04EC0-301F-11D3-BF4B-00C04F79EFBC}") = "Diferencia de arreglos y promedio", "Diferencia de arreglos y promedio\Diferencia de arreglos y promedio.csproj", "{5159C556-CE52-46A7-B219-EEC1638E6D56}"
EndProject
Global
	GlobalSection(SolutionConfigurationPlatforms) = preSolution
		Debug|Any CPU = Debug|Any CPU
		Release|Any CPU = Release|Any CPU
	EndGlobalSection
	GlobalSection(ProjectConfigurationPlatforms) = postSolution
		{5159C556-CE52-46A7-B219-EEC1638E6D56}.Debug|Any CPU.ActiveCfg = Debug|Any CPU
		{5159C556-CE52-46A7-B219-EEC1638E6D56}.Debug|Any CPU.Build.0 = Debug|Any CPU
		{5159C556-CE52-46A7-B219-EEC1638E6D56}.Release|Any CPU.ActiveCfg = Release|Any CPU
		{5159C556-CE52-46A7-B219-EEC1638E6D56}.Release|Any CPU.Build.0 = Release|Any CPU
	EndGlobalSection
	GlobalSection(SolutionProperties) = preSolution
		HideSolutionNode = FALSE
	EndGlobalSection
	GlobalSection(ExtensibilityGlobals) = postSolution
		SolutionGuid = {2C2B66F7-765A-4713-8FF9-669A048CAFCA}
	EndGlobalSection
EndGlobal
